
Microsoft Visual Studio Solution File, Format Version 12.00
# Visual Studio 15
VisualStudioVersion = 15.0.26923.0
MinimumVisualStudioVersion = 10.0.40219.1
Project("{9A19103F-16F7-4668-BE54-9A1E7A4F7556}") = "Pocket.Container", "Pocket.Container\Pocket.Container.csproj", "{4AE6628C-CD5B-4504-BD30-659FFC41903D}"
EndProject
Project("{9A19103F-16F7-4668-BE54-9A1E7A4F7556}") = "Pocket.Container.Tests", "Pocket.Container.Tests\Pocket.Container.Tests.csproj", "{0AE687B5-9EFA-4A51-A0AA-82A5D9C97075}"
EndProject
Project("{9A19103F-16F7-4668-BE54-9A1E7A4F7556}") = "Pocket.Container.For.Microsoft.Extensions.DependencyInjection", "Pocket.Container.For.Microsoft.Extensions.DependencyInjection\Pocket.Container.For.Microsoft.Extensions.DependencyInjection.csproj", "{F3A05E35-729D-4D4E-B059-E57430541757}"
EndProject
Project("{9A19103F-16F7-4668-BE54-9A1E7A4F7556}") = "Pocket.Container.CumulativeRegistration", "Pocket.Container.CumulativeRegistration\Pocket.Container.CumulativeRegistration.csproj", "{628C9A03-D083-4B04-85CD-51726BB191B0}"
EndProject
Project("{9A19103F-16F7-4668-BE54-9A1E7A4F7556}") = "Pocket.TypeDiscovery.Tests", "Pocket.TypeDiscovery.Tests\Pocket.TypeDiscovery.Tests.csproj", "{EB4F8356-7CC4-403B-83D7-9CF308852DDE}"
EndProject
Project("{FAE04EC0-301F-11D3-BF4B-00C04F79EFBC}") = "Pocket.Container.Test.Assembly", "Pocket.Container.Test.Assembly\Pocket.Container.Test.Assembly.csproj", "{63B7EBE2-2283-41A9-B9EA-DF1ED4834989}"
EndProject
Global
	GlobalSection(SolutionConfigurationPlatforms) = preSolution
		Debug|Any CPU = Debug|Any CPU
		Release|Any CPU = Release|Any CPU
	EndGlobalSection
	GlobalSection(ProjectConfigurationPlatforms) = postSolution
		{4AE6628C-CD5B-4504-BD30-659FFC41903D}.Debug|Any CPU.ActiveCfg = Debug|Any CPU
		{4AE6628C-CD5B-4504-BD30-659FFC41903D}.Debug|Any CPU.Build.0 = Debug|Any CPU
		{4AE6628C-CD5B-4504-BD30-659FFC41903D}.Release|Any CPU.ActiveCfg = Release|Any CPU
		{4AE6628C-CD5B-4504-BD30-659FFC41903D}.Release|Any CPU.Build.0 = Release|Any CPU
		{0AE687B5-9EFA-4A51-A0AA-82A5D9C97075}.Debug|Any CPU.ActiveCfg = Debug|Any CPU
		{0AE687B5-9EFA-4A51-A0AA-82A5D9C97075}.Debug|Any CPU.Build.0 = Debug|Any CPU
		{0AE687B5-9EFA-4A51-A0AA-82A5D9C97075}.Release|Any CPU.ActiveCfg = Release|Any CPU
		{0AE687B5-9EFA-4A51-A0AA-82A5D9C97075}.Release|Any CPU.Build.0 = Release|Any CPU
		{F3A05E35-729D-4D4E-B059-E57430541757}.Debug|Any CPU.ActiveCfg = Debug|Any CPU
		{F3A05E35-729D-4D4E-B059-E57430541757}.Debug|Any CPU.Build.0 = Debug|Any CPU
		{F3A05E35-729D-4D4E-B059-E57430541757}.Release|Any CPU.ActiveCfg = Release|Any CPU
		{F3A05E35-729D-4D4E-B059-E57430541757}.Release|Any CPU.Build.0 = Release|Any CPU
		{628C9A03-D083-4B04-85CD-51726BB191B0}.Debug|Any CPU.ActiveCfg = Debug|Any CPU
		{628C9A03-D083-4B04-85CD-51726BB191B0}.Debug|Any CPU.Build.0 = Debug|Any CPU
		{628C9A03-D083-4B04-85CD-51726BB191B0}.Release|Any CPU.ActiveCfg = Release|Any CPU
		{628C9A03-D083-4B04-85CD-51726BB191B0}.Release|Any CPU.Build.0 = Release|Any CPU
		{EB4F8356-7CC4-403B-83D7-9CF308852DDE}.Debug|Any CPU.ActiveCfg = Debug|Any CPU
		{EB4F8356-7CC4-403B-83D7-9CF308852DDE}.Debug|Any CPU.Build.0 = Debug|Any CPU
		{EB4F8356-7CC4-403B-83D7-9CF308852DDE}.Release|Any CPU.ActiveCfg = Release|Any CPU
		{EB4F8356-7CC4-403B-83D7-9CF308852DDE}.Release|Any CPU.Build.0 = Release|Any CPU
		{63B7EBE2-2283-41A9-B9EA-DF1ED4834989}.Debug|Any CPU.ActiveCfg = Debug|Any CPU
		{63B7EBE2-2283-41A9-B9EA-DF1ED4834989}.Debug|Any CPU.Build.0 = Debug|Any CPU
		{63B7EBE2-2283-41A9-B9EA-DF1ED4834989}.Release|Any CPU.ActiveCfg = Release|Any CPU
		{63B7EBE2-2283-41A9-B9EA-DF1ED4834989}.Release|Any CPU.Build.0 = Release|Any CPU
	EndGlobalSection
	GlobalSection(SolutionProperties) = preSolution
		HideSolutionNode = FALSE
	EndGlobalSection
	GlobalSection(ExtensibilityGlobals) = postSolution
		SolutionGuid = {941A116E-059F-49A9-98A3-996B0814CC3C}
	EndGlobalSection
EndGlobal
