
Microsoft Visual Studio Solution File, Format Version 12.00
# Visual Studio 2012
Project("{FAE04EC0-301F-11D3-BF4B-00C04F79EFBC}") = "PocketContainer", "PocketContainer\PocketContainer.csproj", "{9498CAA1-ACD9-4610-9339-D4692490FA40}"
EndProject
Project("{FAE04EC0-301F-11D3-BF4B-00C04F79EFBC}") = "PocketContainer.Tests", "PocketContainer.Tests\PocketContainer.Tests.csproj", "{83E4C52D-C0F1-4D80-9CF1-3DA74261AD33}"
EndProject
Global
	GlobalSection(SolutionConfigurationPlatforms) = preSolution
		Debug|Any CPU = Debug|Any CPU
		Release|Any CPU = Release|Any CPU
	EndGlobalSection
	GlobalSection(ProjectConfigurationPlatforms) = postSolution
		{9498CAA1-ACD9-4610-9339-D4692490FA40}.Debug|Any CPU.ActiveCfg = Debug|Any CPU
		{9498CAA1-ACD9-4610-9339-D4692490FA40}.Debug|Any CPU.Build.0 = Debug|Any CPU
		{9498CAA1-ACD9-4610-9339-D4692490FA40}.Release|Any CPU.ActiveCfg = Release|Any CPU
		{9498CAA1-ACD9-4610-9339-D4692490FA40}.Release|Any CPU.Build.0 = Release|Any CPU
		{83E4C52D-C0F1-4D80-9CF1-3DA74261AD33}.Debug|Any CPU.ActiveCfg = Debug|Any CPU
		{83E4C52D-C0F1-4D80-9CF1-3DA74261AD33}.Debug|Any CPU.Build.0 = Debug|Any CPU
		{83E4C52D-C0F1-4D80-9CF1-3DA74261AD33}.Release|Any CPU.ActiveCfg = Release|Any CPU
		{83E4C52D-C0F1-4D80-9CF1-3DA74261AD33}.Release|Any CPU.Build.0 = Release|Any CPU
	EndGlobalSection
	GlobalSection(SolutionProperties) = preSolution
		HideSolutionNode = FALSE
	EndGlobalSection
	GlobalSection(ExtensibilityGlobals) = postSolution
		EnterpriseLibraryConfigurationToolBinariesPath = packages\Unity.2.1.505.2\lib\NET35
	EndGlobalSection
EndGlobal
