
Microsoft Visual Studio Solution File, Format Version 12.00
# Visual Studio 15
VisualStudioVersion = 15.0.26228.9
MinimumVisualStudioVersion = 10.0.40219.1
Project("{9A19103F-16F7-4668-BE54-9A1E7A4F7556}") = "PocketContainer", "PocketContainer\PocketContainer.csproj", "{4AE6628C-CD5B-4504-BD30-659FFC41903D}"
EndProject
Project("{9A19103F-16F7-4668-BE54-9A1E7A4F7556}") = "PocketContainer.Tests", "PocketContainer.Tests\PocketContainer.Tests.csproj", "{0AE687B5-9EFA-4A51-A0AA-82A5D9C97075}"
EndProject
Project("{2150E333-8FDC-42A3-9474-1A3956D46DE8}") = "tests", "tests", "{B173AA1D-C437-41EE-92AE-AF787162E096}"
EndProject
Project("{2150E333-8FDC-42A3-9474-1A3956D46DE8}") = "source", "source", "{D9E6C817-885D-430D-AB60-895C4757570B}"
EndProject
Global
	GlobalSection(SolutionConfigurationPlatforms) = preSolution
		Debug|Any CPU = Debug|Any CPU
		Release|Any CPU = Release|Any CPU
	EndGlobalSection
	GlobalSection(ProjectConfigurationPlatforms) = postSolution
		{4AE6628C-CD5B-4504-BD30-659FFC41903D}.Debug|Any CPU.ActiveCfg = Debug|Any CPU
		{4AE6628C-CD5B-4504-BD30-659FFC41903D}.Debug|Any CPU.Build.0 = Debug|Any CPU
		{4AE6628C-CD5B-4504-BD30-659FFC41903D}.Release|Any CPU.ActiveCfg = Release|Any CPU
		{4AE6628C-CD5B-4504-BD30-659FFC41903D}.Release|Any CPU.Build.0 = Release|Any CPU
		{0AE687B5-9EFA-4A51-A0AA-82A5D9C97075}.Debug|Any CPU.ActiveCfg = Debug|Any CPU
		{0AE687B5-9EFA-4A51-A0AA-82A5D9C97075}.Debug|Any CPU.Build.0 = Debug|Any CPU
		{0AE687B5-9EFA-4A51-A0AA-82A5D9C97075}.Release|Any CPU.ActiveCfg = Release|Any CPU
		{0AE687B5-9EFA-4A51-A0AA-82A5D9C97075}.Release|Any CPU.Build.0 = Release|Any CPU
	EndGlobalSection
	GlobalSection(SolutionProperties) = preSolution
		HideSolutionNode = FALSE
	EndGlobalSection
	GlobalSection(NestedProjects) = preSolution
		{4AE6628C-CD5B-4504-BD30-659FFC41903D} = {D9E6C817-885D-430D-AB60-895C4757570B}
		{0AE687B5-9EFA-4A51-A0AA-82A5D9C97075} = {B173AA1D-C437-41EE-92AE-AF787162E096}
	EndGlobalSection
EndGlobal
